
Microsoft Visual Studio Solution File, Format Version 12.00
# Visual Studio Version 17
VisualStudioVersion = 17.2.32616.157
MinimumVisualStudioVersion = 10.0.40219.1
Project("{FAE04EC0-301F-11D3-BF4B-00C04F79EFBC}") = "GitHubTestProject", "GitHubTestProject\GitHubTestProject.csproj", "{166ABB7E-0F37-46FF-AACF-E2BA52AFEF64}"
EndProject
Global
	GlobalSection(SolutionConfigurationPlatforms) = preSolution
		Debug|Any CPU = Debug|Any CPU
		Release|Any CPU = Release|Any CPU
	EndGlobalSection
	GlobalSection(ProjectConfigurationPlatforms) = postSolution
		{166ABB7E-0F37-46FF-AACF-E2BA52AFEF64}.Debug|Any CPU.ActiveCfg = Debug|Any CPU
		{166ABB7E-0F37-46FF-AACF-E2BA52AFEF64}.Debug|Any CPU.Build.0 = Debug|Any CPU
		{166ABB7E-0F37-46FF-AACF-E2BA52AFEF64}.Release|Any CPU.ActiveCfg = Release|Any CPU
		{166ABB7E-0F37-46FF-AACF-E2BA52AFEF64}.Release|Any CPU.Build.0 = Release|Any CPU
	EndGlobalSection
	GlobalSection(SolutionProperties) = preSolution
		HideSolutionNode = FALSE
	EndGlobalSection
	GlobalSection(ExtensibilityGlobals) = postSolution
		SolutionGuid = {80E67C41-38C5-44D4-B035-F4951B8C9820}
	EndGlobalSection
EndGlobal
